
Microsoft Visual Studio Solution File, Format Version 12.00
# Visual Studio Version 17
VisualStudioVersion = 17.7.34018.315
MinimumVisualStudioVersion = 10.0.40219.1
Project("{9A19103F-16F7-4668-BE54-9A1E7A4F7556}") = "TARgv22Shop", "TARgv22Shop\TARgv22Shop.csproj", "{C2B75BEB-7BF1-404E-935F-0495DEDE7736}"
EndProject
Project("{9A19103F-16F7-4668-BE54-9A1E7A4F7556}") = "Shop.Data", "Shop.Data\Shop.Data.csproj", "{2FEDBA60-8DDA-4940-A859-16EFFA8D9250}"
EndProject
Project("{9A19103F-16F7-4668-BE54-9A1E7A4F7556}") = "Shop.Core", "Shop.Core\Shop.Core.csproj", "{5180023F-3B77-4314-838B-D6F8FACE6A71}"
EndProject
Project("{9A19103F-16F7-4668-BE54-9A1E7A4F7556}") = "Shop.ApplicationServices", "Shop.ApplicationServices\Shop.ApplicationServices.csproj", "{3D5DDD71-DC86-4250-BFCC-950171707625}"
EndProject
Project("{9A19103F-16F7-4668-BE54-9A1E7A4F7556}") = "Shop.SpaceshipTest", "Shop.SpaceshipTest\Shop.SpaceshipTest.csproj", "{9EE5022A-341B-4628-8849-281392F65D1B}"
EndProject
Project("{9A19103F-16F7-4668-BE54-9A1E7A4F7556}") = "Shop.RealEstateTest", "Shop.RealEstateTest\Shop.RealEstateTest.csproj", "{DE1A3DE2-19A2-4C16-8708-034116F2E072}"
EndProject
Global
	GlobalSection(SolutionConfigurationPlatforms) = preSolution
		Debug|Any CPU = Debug|Any CPU
		Release|Any CPU = Release|Any CPU
	EndGlobalSection
	GlobalSection(ProjectConfigurationPlatforms) = postSolution
		{C2B75BEB-7BF1-404E-935F-0495DEDE7736}.Debug|Any CPU.ActiveCfg = Debug|Any CPU
		{C2B75BEB-7BF1-404E-935F-0495DEDE7736}.Debug|Any CPU.Build.0 = Debug|Any CPU
		{C2B75BEB-7BF1-404E-935F-0495DEDE7736}.Release|Any CPU.ActiveCfg = Release|Any CPU
		{C2B75BEB-7BF1-404E-935F-0495DEDE7736}.Release|Any CPU.Build.0 = Release|Any CPU
		{2FEDBA60-8DDA-4940-A859-16EFFA8D9250}.Debug|Any CPU.ActiveCfg = Debug|Any CPU
		{2FEDBA60-8DDA-4940-A859-16EFFA8D9250}.Debug|Any CPU.Build.0 = Debug|Any CPU
		{2FEDBA60-8DDA-4940-A859-16EFFA8D9250}.Release|Any CPU.ActiveCfg = Release|Any CPU
		{2FEDBA60-8DDA-4940-A859-16EFFA8D9250}.Release|Any CPU.Build.0 = Release|Any CPU
		{5180023F-3B77-4314-838B-D6F8FACE6A71}.Debug|Any CPU.ActiveCfg = Debug|Any CPU
		{5180023F-3B77-4314-838B-D6F8FACE6A71}.Debug|Any CPU.Build.0 = Debug|Any CPU
		{5180023F-3B77-4314-838B-D6F8FACE6A71}.Release|Any CPU.ActiveCfg = Release|Any CPU
		{5180023F-3B77-4314-838B-D6F8FACE6A71}.Release|Any CPU.Build.0 = Release|Any CPU
		{3D5DDD71-DC86-4250-BFCC-950171707625}.Debug|Any CPU.ActiveCfg = Debug|Any CPU
		{3D5DDD71-DC86-4250-BFCC-950171707625}.Debug|Any CPU.Build.0 = Debug|Any CPU
		{3D5DDD71-DC86-4250-BFCC-950171707625}.Release|Any CPU.ActiveCfg = Release|Any CPU
		{3D5DDD71-DC86-4250-BFCC-950171707625}.Release|Any CPU.Build.0 = Release|Any CPU
		{9EE5022A-341B-4628-8849-281392F65D1B}.Debug|Any CPU.ActiveCfg = Debug|Any CPU
		{9EE5022A-341B-4628-8849-281392F65D1B}.Debug|Any CPU.Build.0 = Debug|Any CPU
		{9EE5022A-341B-4628-8849-281392F65D1B}.Release|Any CPU.ActiveCfg = Release|Any CPU
		{9EE5022A-341B-4628-8849-281392F65D1B}.Release|Any CPU.Build.0 = Release|Any CPU
		{DE1A3DE2-19A2-4C16-8708-034116F2E072}.Debug|Any CPU.ActiveCfg = Debug|Any CPU
		{DE1A3DE2-19A2-4C16-8708-034116F2E072}.Debug|Any CPU.Build.0 = Debug|Any CPU
		{DE1A3DE2-19A2-4C16-8708-034116F2E072}.Release|Any CPU.ActiveCfg = Release|Any CPU
		{DE1A3DE2-19A2-4C16-8708-034116F2E072}.Release|Any CPU.Build.0 = Release|Any CPU
	EndGlobalSection
	GlobalSection(SolutionProperties) = preSolution
		HideSolutionNode = FALSE
	EndGlobalSection
	GlobalSection(ExtensibilityGlobals) = postSolution
		SolutionGuid = {7EEF5A90-6DEB-4350-876B-7C589F04FA92}
	EndGlobalSection
EndGlobal
